
Microsoft Visual Studio Solution File, Format Version 12.00
# Visual Studio Version 17
VisualStudioVersion = 17.12.35521.163
MinimumVisualStudioVersion = 10.0.40219.1
Project("{FAE04EC0-301F-11D3-BF4B-00C04F79EFBC}") = "SqlCeToolbox.Common", "SqlCeToolbox.Common\SqlCeToolbox.Common.csproj", "{C6031278-5612-429F-A485-5169392DB51C}"
EndProject
Project("{FAE04EC0-301F-11D3-BF4B-00C04F79EFBC}") = "SqlCeToolbox.DDEX4", "SqlCeToolbox.DDEX4\SqlCeToolbox.DDEX4.csproj", "{42939E33-FC72-459C-9403-B62AB074635E}"
EndProject
Project("{FAE04EC0-301F-11D3-BF4B-00C04F79EFBC}") = "QueryPlanVisualizer", "QueryPlanVisualizer\QueryPlanVisualizer.csproj", "{DF42BBC7-9733-4FD3-9758-13A1F657CFBB}"
EndProject
Project("{FAE04EC0-301F-11D3-BF4B-00C04F79EFBC}") = "SSMSToolbox", "SSMSToolbox\SSMSToolbox.csproj", "{B8CA7C7C-2A27-46B4-899F-BF5999E3D3A1}"
EndProject
Project("{FAE04EC0-301F-11D3-BF4B-00C04F79EFBC}") = "VSToolbox", "SqlCe35Toolbox\VSToolbox.csproj", "{CF9BB696-A1DC-4923-83BF-F223B18EE618}"
EndProject
Project("{2150E333-8FDC-42A3-9474-1A3956D46DE8}") = "Shared", "Shared", "{3CE39BB8-C857-47C5-A3CB-71CB8E34DABB}"
EndProject
Global
	GlobalSection(SolutionConfigurationPlatforms) = preSolution
		Debug|Any CPU = Debug|Any CPU
		Release|Any CPU = Release|Any CPU
	EndGlobalSection
	GlobalSection(ProjectConfigurationPlatforms) = postSolution
		{C6031278-5612-429F-A485-5169392DB51C}.Debug|Any CPU.ActiveCfg = Debug|Any CPU
		{C6031278-5612-429F-A485-5169392DB51C}.Debug|Any CPU.Build.0 = Debug|Any CPU
		{C6031278-5612-429F-A485-5169392DB51C}.Release|Any CPU.ActiveCfg = Release|Any CPU
		{C6031278-5612-429F-A485-5169392DB51C}.Release|Any CPU.Build.0 = Release|Any CPU
		{42939E33-FC72-459C-9403-B62AB074635E}.Debug|Any CPU.ActiveCfg = Debug|Any CPU
		{42939E33-FC72-459C-9403-B62AB074635E}.Debug|Any CPU.Build.0 = Debug|Any CPU
		{42939E33-FC72-459C-9403-B62AB074635E}.Release|Any CPU.ActiveCfg = Release|Any CPU
		{42939E33-FC72-459C-9403-B62AB074635E}.Release|Any CPU.Build.0 = Release|Any CPU
		{DF42BBC7-9733-4FD3-9758-13A1F657CFBB}.Debug|Any CPU.ActiveCfg = Debug|Any CPU
		{DF42BBC7-9733-4FD3-9758-13A1F657CFBB}.Debug|Any CPU.Build.0 = Debug|Any CPU
		{DF42BBC7-9733-4FD3-9758-13A1F657CFBB}.Release|Any CPU.ActiveCfg = Release|Any CPU
		{DF42BBC7-9733-4FD3-9758-13A1F657CFBB}.Release|Any CPU.Build.0 = Release|Any CPU
		{B8CA7C7C-2A27-46B4-899F-BF5999E3D3A1}.Debug|Any CPU.ActiveCfg = Debug|Any CPU
		{B8CA7C7C-2A27-46B4-899F-BF5999E3D3A1}.Debug|Any CPU.Build.0 = Debug|Any CPU
		{B8CA7C7C-2A27-46B4-899F-BF5999E3D3A1}.Release|Any CPU.ActiveCfg = Release|Any CPU
		{B8CA7C7C-2A27-46B4-899F-BF5999E3D3A1}.Release|Any CPU.Build.0 = Release|Any CPU
		{CF9BB696-A1DC-4923-83BF-F223B18EE618}.Debug|Any CPU.ActiveCfg = Debug|Any CPU
		{CF9BB696-A1DC-4923-83BF-F223B18EE618}.Debug|Any CPU.Build.0 = Debug|Any CPU
		{CF9BB696-A1DC-4923-83BF-F223B18EE618}.Release|Any CPU.ActiveCfg = Release|Any CPU
		{CF9BB696-A1DC-4923-83BF-F223B18EE618}.Release|Any CPU.Build.0 = Release|Any CPU
	EndGlobalSection
	GlobalSection(SolutionProperties) = preSolution
		HideSolutionNode = FALSE
	EndGlobalSection
	GlobalSection(NestedProjects) = preSolution
		{C6031278-5612-429F-A485-5169392DB51C} = {3CE39BB8-C857-47C5-A3CB-71CB8E34DABB}
		{42939E33-FC72-459C-9403-B62AB074635E} = {3CE39BB8-C857-47C5-A3CB-71CB8E34DABB}
		{DF42BBC7-9733-4FD3-9758-13A1F657CFBB} = {3CE39BB8-C857-47C5-A3CB-71CB8E34DABB}
	EndGlobalSection
	GlobalSection(ExtensibilityGlobals) = postSolution
		SolutionGuid = {BFF7B9CC-46C9-4547-9FA1-D17E2A89613C}
	EndGlobalSection
EndGlobal
