
Microsoft Visual Studio Solution File, Format Version 12.00
# Visual Studio 15
VisualStudioVersion = 15.0.26730.10
MinimumVisualStudioVersion = 10.0.40219.1
Project("{FAE04EC0-301F-11D3-BF4B-00C04F79EFBC}") = "SqlCeToolbox.Common", "SqlCeToolbox.Common\SqlCeToolbox.Common.csproj", "{C6031278-5612-429F-A485-5169392DB51C}"
EndProject
Project("{FAE04EC0-301F-11D3-BF4B-00C04F79EFBC}") = "SqlCeToolbox.DDEX4", "SqlCeToolbox.DDEX4\SqlCeToolbox.DDEX4.csproj", "{42939E33-FC72-459C-9403-B62AB074635E}"
EndProject
Project("{FAE04EC0-301F-11D3-BF4B-00C04F79EFBC}") = "QueryPlanVisualizer", "QueryPlanVisualizer\QueryPlanVisualizer.csproj", "{DF42BBC7-9733-4FD3-9758-13A1F657CFBB}"
EndProject
Project("{FAE04EC0-301F-11D3-BF4B-00C04F79EFBC}") = "SSMSToolbox", "SSMSToolbox\SSMSToolbox.csproj", "{B8CA7C7C-2A27-46B4-899F-BF5999E3D3A1}"
EndProject
Project("{FAE04EC0-301F-11D3-BF4B-00C04F79EFBC}") = "VSToolbox", "SqlCe35Toolbox\VSToolbox.csproj", "{CF9BB696-A1DC-4923-83BF-F223B18EE618}"
EndProject
Project("{FAE04EC0-301F-11D3-BF4B-00C04F79EFBC}") = "VSToolbox2010", "SqlCe35Toolbox\VSToolbox2010.csproj", "{A633A9DF-98DB-42A5-91E4-853258C47854}"
EndProject
Project("{2150E333-8FDC-42A3-9474-1A3956D46DE8}") = "EF Core Power Tools", "EF Core Power Tools", "{971DE5A9-EEC3-42AB-A00B-5AF8DD21BD27}"
EndProject
Project("{FAE04EC0-301F-11D3-BF4B-00C04F79EFBC}") = "EFCorePowerTools", "EFCorePowerTools\EFCorePowerTools.csproj", "{C670BE03-6397-4AC0-9914-AD1BB679778F}"
EndProject
Project("{2150E333-8FDC-42A3-9474-1A3956D46DE8}") = "Shared", "Shared", "{3CE39BB8-C857-47C5-A3CB-71CB8E34DABB}"
EndProject
Project("{FAE04EC0-301F-11D3-BF4B-00C04F79EFBC}") = "ReverseEngineer20", "ReverseEngineer20\ReverseEngineer20.csproj", "{4C0F2979-FCD9-4E93-8E4F-2A43055D42FE}"
EndProject
Project("{FAE04EC0-301F-11D3-BF4B-00C04F79EFBC}") = "UnitTests", "UnitTests\UnitTests.csproj", "{562B5F7B-6229-4019-BFA9-CD7FD4773081}"
EndProject
Project("{9A19103F-16F7-4668-BE54-9A1E7A4F7556}") = "ErikEJ.EntityFrameworkCore.DgmlBuilder", "ErikEJ.EntityFrameworkCore.DgmlBuilder\ErikEJ.EntityFrameworkCore.DgmlBuilder.csproj", "{079B9426-9230-468E-8D02-2A0DE07C7237}"
EndProject
Project("{FAE04EC0-301F-11D3-BF4B-00C04F79EFBC}") = "efpt", "efpt\efpt.csproj", "{D2CB9DDF-E2A0-4DED-94A3-9B669B2BAB37}"
EndProject
Project("{FAE04EC0-301F-11D3-BF4B-00C04F79EFBC}") = "efpt.core", "efpt.core\efpt.core.csproj", "{35D71B9B-8FAA-4FC5-90E0-C7697767AD2E}"
EndProject
Global
	GlobalSection(SolutionConfigurationPlatforms) = preSolution
		Debug|Any CPU = Debug|Any CPU
		Debug|x86 = Debug|x86
		Release|Any CPU = Release|Any CPU
		Release|x86 = Release|x86
	EndGlobalSection
	GlobalSection(ProjectConfigurationPlatforms) = postSolution
		{C6031278-5612-429F-A485-5169392DB51C}.Debug|Any CPU.ActiveCfg = Debug|x86
		{C6031278-5612-429F-A485-5169392DB51C}.Debug|x86.ActiveCfg = Debug|x86
		{C6031278-5612-429F-A485-5169392DB51C}.Debug|x86.Build.0 = Debug|x86
		{C6031278-5612-429F-A485-5169392DB51C}.Release|Any CPU.ActiveCfg = Release|x86
		{C6031278-5612-429F-A485-5169392DB51C}.Release|x86.ActiveCfg = Release|x86
		{C6031278-5612-429F-A485-5169392DB51C}.Release|x86.Build.0 = Release|x86
		{42939E33-FC72-459C-9403-B62AB074635E}.Debug|Any CPU.ActiveCfg = Debug|x86
		{42939E33-FC72-459C-9403-B62AB074635E}.Debug|x86.ActiveCfg = Debug|x86
		{42939E33-FC72-459C-9403-B62AB074635E}.Debug|x86.Build.0 = Debug|x86
		{42939E33-FC72-459C-9403-B62AB074635E}.Release|Any CPU.ActiveCfg = Release|x86
		{42939E33-FC72-459C-9403-B62AB074635E}.Release|x86.ActiveCfg = Release|x86
		{42939E33-FC72-459C-9403-B62AB074635E}.Release|x86.Build.0 = Release|x86
		{DF42BBC7-9733-4FD3-9758-13A1F657CFBB}.Debug|Any CPU.ActiveCfg = Debug|x86
		{DF42BBC7-9733-4FD3-9758-13A1F657CFBB}.Debug|x86.ActiveCfg = Debug|x86
		{DF42BBC7-9733-4FD3-9758-13A1F657CFBB}.Debug|x86.Build.0 = Debug|x86
		{DF42BBC7-9733-4FD3-9758-13A1F657CFBB}.Release|Any CPU.ActiveCfg = Release|x86
		{DF42BBC7-9733-4FD3-9758-13A1F657CFBB}.Release|x86.ActiveCfg = Release|x86
		{DF42BBC7-9733-4FD3-9758-13A1F657CFBB}.Release|x86.Build.0 = Release|x86
		{B8CA7C7C-2A27-46B4-899F-BF5999E3D3A1}.Debug|Any CPU.ActiveCfg = Debug|x86
		{B8CA7C7C-2A27-46B4-899F-BF5999E3D3A1}.Debug|x86.ActiveCfg = Debug|x86
		{B8CA7C7C-2A27-46B4-899F-BF5999E3D3A1}.Debug|x86.Build.0 = Debug|x86
		{B8CA7C7C-2A27-46B4-899F-BF5999E3D3A1}.Release|Any CPU.ActiveCfg = Release|x86
		{B8CA7C7C-2A27-46B4-899F-BF5999E3D3A1}.Release|x86.ActiveCfg = Release|x86
		{B8CA7C7C-2A27-46B4-899F-BF5999E3D3A1}.Release|x86.Build.0 = Release|x86
		{CF9BB696-A1DC-4923-83BF-F223B18EE618}.Debug|Any CPU.ActiveCfg = Debug|x86
		{CF9BB696-A1DC-4923-83BF-F223B18EE618}.Debug|x86.ActiveCfg = Debug|x86
		{CF9BB696-A1DC-4923-83BF-F223B18EE618}.Debug|x86.Build.0 = Debug|x86
		{CF9BB696-A1DC-4923-83BF-F223B18EE618}.Release|Any CPU.ActiveCfg = Release|x86
		{CF9BB696-A1DC-4923-83BF-F223B18EE618}.Release|x86.ActiveCfg = Release|x86
		{CF9BB696-A1DC-4923-83BF-F223B18EE618}.Release|x86.Build.0 = Release|x86
		{A633A9DF-98DB-42A5-91E4-853258C47854}.Debug|Any CPU.ActiveCfg = Debug|x86
		{A633A9DF-98DB-42A5-91E4-853258C47854}.Debug|x86.ActiveCfg = Debug|x86
		{A633A9DF-98DB-42A5-91E4-853258C47854}.Debug|x86.Build.0 = Debug|x86
		{A633A9DF-98DB-42A5-91E4-853258C47854}.Release|Any CPU.ActiveCfg = Release|x86
		{A633A9DF-98DB-42A5-91E4-853258C47854}.Release|x86.ActiveCfg = Release|x86
		{A633A9DF-98DB-42A5-91E4-853258C47854}.Release|x86.Build.0 = Release|x86
		{C670BE03-6397-4AC0-9914-AD1BB679778F}.Debug|Any CPU.ActiveCfg = Debug|x86
		{C670BE03-6397-4AC0-9914-AD1BB679778F}.Debug|x86.ActiveCfg = Debug|x86
		{C670BE03-6397-4AC0-9914-AD1BB679778F}.Debug|x86.Build.0 = Debug|x86
		{C670BE03-6397-4AC0-9914-AD1BB679778F}.Release|Any CPU.ActiveCfg = Release|x86
		{C670BE03-6397-4AC0-9914-AD1BB679778F}.Release|x86.ActiveCfg = Release|x86
		{C670BE03-6397-4AC0-9914-AD1BB679778F}.Release|x86.Build.0 = Release|x86
		{4C0F2979-FCD9-4E93-8E4F-2A43055D42FE}.Debug|Any CPU.ActiveCfg = Debug|x86
		{4C0F2979-FCD9-4E93-8E4F-2A43055D42FE}.Debug|x86.ActiveCfg = Debug|x86
		{4C0F2979-FCD9-4E93-8E4F-2A43055D42FE}.Debug|x86.Build.0 = Debug|x86
		{4C0F2979-FCD9-4E93-8E4F-2A43055D42FE}.Release|Any CPU.ActiveCfg = Release|x86
		{4C0F2979-FCD9-4E93-8E4F-2A43055D42FE}.Release|x86.ActiveCfg = Release|x86
		{4C0F2979-FCD9-4E93-8E4F-2A43055D42FE}.Release|x86.Build.0 = Release|x86
		{562B5F7B-6229-4019-BFA9-CD7FD4773081}.Debug|Any CPU.ActiveCfg = Debug|x86
		{562B5F7B-6229-4019-BFA9-CD7FD4773081}.Debug|x86.ActiveCfg = Debug|x86
		{562B5F7B-6229-4019-BFA9-CD7FD4773081}.Debug|x86.Build.0 = Debug|x86
		{562B5F7B-6229-4019-BFA9-CD7FD4773081}.Release|Any CPU.ActiveCfg = Release|x86
		{562B5F7B-6229-4019-BFA9-CD7FD4773081}.Release|x86.ActiveCfg = Release|x86
		{562B5F7B-6229-4019-BFA9-CD7FD4773081}.Release|x86.Build.0 = Release|x86
		{079B9426-9230-468E-8D02-2A0DE07C7237}.Debug|Any CPU.ActiveCfg = Debug|Any CPU
		{079B9426-9230-468E-8D02-2A0DE07C7237}.Debug|Any CPU.Build.0 = Debug|Any CPU
		{079B9426-9230-468E-8D02-2A0DE07C7237}.Debug|x86.ActiveCfg = Debug|Any CPU
		{079B9426-9230-468E-8D02-2A0DE07C7237}.Debug|x86.Build.0 = Debug|Any CPU
		{079B9426-9230-468E-8D02-2A0DE07C7237}.Release|Any CPU.ActiveCfg = Release|Any CPU
		{079B9426-9230-468E-8D02-2A0DE07C7237}.Release|Any CPU.Build.0 = Release|Any CPU
		{079B9426-9230-468E-8D02-2A0DE07C7237}.Release|x86.ActiveCfg = Release|Any CPU
		{079B9426-9230-468E-8D02-2A0DE07C7237}.Release|x86.Build.0 = Release|Any CPU
		{D2CB9DDF-E2A0-4DED-94A3-9B669B2BAB37}.Debug|Any CPU.ActiveCfg = Debug|x86
		{D2CB9DDF-E2A0-4DED-94A3-9B669B2BAB37}.Debug|x86.ActiveCfg = Debug|x86
		{D2CB9DDF-E2A0-4DED-94A3-9B669B2BAB37}.Debug|x86.Build.0 = Debug|x86
		{D2CB9DDF-E2A0-4DED-94A3-9B669B2BAB37}.Release|Any CPU.ActiveCfg = Release|x86
		{D2CB9DDF-E2A0-4DED-94A3-9B669B2BAB37}.Release|x86.ActiveCfg = Release|x86
		{D2CB9DDF-E2A0-4DED-94A3-9B669B2BAB37}.Release|x86.Build.0 = Release|x86
		{35D71B9B-8FAA-4FC5-90E0-C7697767AD2E}.Debug|Any CPU.ActiveCfg = Debug|Any CPU
		{35D71B9B-8FAA-4FC5-90E0-C7697767AD2E}.Debug|Any CPU.Build.0 = Debug|Any CPU
		{35D71B9B-8FAA-4FC5-90E0-C7697767AD2E}.Debug|x86.ActiveCfg = Debug|Any CPU
		{35D71B9B-8FAA-4FC5-90E0-C7697767AD2E}.Debug|x86.Build.0 = Debug|Any CPU
		{35D71B9B-8FAA-4FC5-90E0-C7697767AD2E}.Release|Any CPU.ActiveCfg = Release|Any CPU
		{35D71B9B-8FAA-4FC5-90E0-C7697767AD2E}.Release|Any CPU.Build.0 = Release|Any CPU
		{35D71B9B-8FAA-4FC5-90E0-C7697767AD2E}.Release|x86.ActiveCfg = Release|Any CPU
		{35D71B9B-8FAA-4FC5-90E0-C7697767AD2E}.Release|x86.Build.0 = Release|Any CPU
	EndGlobalSection
	GlobalSection(SolutionProperties) = preSolution
		HideSolutionNode = FALSE
	EndGlobalSection
	GlobalSection(NestedProjects) = preSolution
		{C6031278-5612-429F-A485-5169392DB51C} = {3CE39BB8-C857-47C5-A3CB-71CB8E34DABB}
		{42939E33-FC72-459C-9403-B62AB074635E} = {3CE39BB8-C857-47C5-A3CB-71CB8E34DABB}
		{DF42BBC7-9733-4FD3-9758-13A1F657CFBB} = {3CE39BB8-C857-47C5-A3CB-71CB8E34DABB}
		{C670BE03-6397-4AC0-9914-AD1BB679778F} = {971DE5A9-EEC3-42AB-A00B-5AF8DD21BD27}
		{4C0F2979-FCD9-4E93-8E4F-2A43055D42FE} = {971DE5A9-EEC3-42AB-A00B-5AF8DD21BD27}
		{562B5F7B-6229-4019-BFA9-CD7FD4773081} = {971DE5A9-EEC3-42AB-A00B-5AF8DD21BD27}
		{079B9426-9230-468E-8D02-2A0DE07C7237} = {971DE5A9-EEC3-42AB-A00B-5AF8DD21BD27}
		{D2CB9DDF-E2A0-4DED-94A3-9B669B2BAB37} = {971DE5A9-EEC3-42AB-A00B-5AF8DD21BD27}
		{35D71B9B-8FAA-4FC5-90E0-C7697767AD2E} = {971DE5A9-EEC3-42AB-A00B-5AF8DD21BD27}
	EndGlobalSection
	GlobalSection(ExtensibilityGlobals) = postSolution
		SolutionGuid = {BFF7B9CC-46C9-4547-9FA1-D17E2A89613C}
	EndGlobalSection
EndGlobal
